
Microsoft Visual Studio Solution File, Format Version 12.00
# Visual Studio Version 16
VisualStudioVersion = 16.0.30907.101
MinimumVisualStudioVersion = 10.0.40219.1
Project("{FAE04EC0-301F-11D3-BF4B-00C04F79EFBC}") = "Data_Structure_Exercise", "Data_Structure_Exercise.csproj", "{86EDA3DA-DEF9-453D-87BD-16116B110179}"
EndProject
Global
	GlobalSection(SolutionConfigurationPlatforms) = preSolution
		Debug|Any CPU = Debug|Any CPU
		Release|Any CPU = Release|Any CPU
	EndGlobalSection
	GlobalSection(ProjectConfigurationPlatforms) = postSolution
		{86EDA3DA-DEF9-453D-87BD-16116B110179}.Debug|Any CPU.ActiveCfg = Debug|Any CPU
		{86EDA3DA-DEF9-453D-87BD-16116B110179}.Debug|Any CPU.Build.0 = Debug|Any CPU
		{86EDA3DA-DEF9-453D-87BD-16116B110179}.Release|Any CPU.ActiveCfg = Release|Any CPU
		{86EDA3DA-DEF9-453D-87BD-16116B110179}.Release|Any CPU.Build.0 = Release|Any CPU
	EndGlobalSection
	GlobalSection(SolutionProperties) = preSolution
		HideSolutionNode = FALSE
	EndGlobalSection
	GlobalSection(ExtensibilityGlobals) = postSolution
		SolutionGuid = {D4D478AE-BB5E-4335-97AF-5BCB75D9F19F}
	EndGlobalSection
EndGlobal
